
Microsoft Visual Studio Solution File, Format Version 12.00
# Visual Studio 2013
VisualStudioVersion = 12.0.31101.0
MinimumVisualStudioVersion = 10.0.40219.1
Project("{8BC9CEB8-8B4A-11D0-8D11-00A0C91BC942}") = "LaneDetect", "LaneDetect\LaneDetect.vcxproj", "{03804973-D43B-453D-9DA3-A2C880E30CC7}"
EndProject
Project("{8BC9CEB8-8B4A-11D0-8D11-00A0C91BC942}") = "RoadConvertor", "RoadConvertor\RoadConvertor.vcxproj", "{80056E47-1B97-4FA2-B117-25872C435A41}"
EndProject
Project("{8BC9CEB8-8B4A-11D0-8D11-00A0C91BC942}") = "CreatePanoTopView", "CreatePanoTopView\CreatePanoTopView.vcxproj", "{CE157B87-142F-43A7-AF57-516DAC432C9D}"
	ProjectSection(ProjectDependencies) = postProject
		{80056E47-1B97-4FA2-B117-25872C435A41} = {80056E47-1B97-4FA2-B117-25872C435A41}
	EndProjectSection
EndProject
Project("{8BC9CEB8-8B4A-11D0-8D11-00A0C91BC942}") = "JsonIO", "JsonIO\JsonIO.vcxproj", "{B7AF5736-FCD2-4B34-BBE3-69C3FFAF9EBF}"
EndProject
Project("{8BC9CEB8-8B4A-11D0-8D11-00A0C91BC942}") = "CropSamples", "CropSamples\CropSamples.vcxproj", "{FED981C2-E6F0-4E1D-9128-462876D3064B}"
	ProjectSection(ProjectDependencies) = postProject
		{B7AF5736-FCD2-4B34-BBE3-69C3FFAF9EBF} = {B7AF5736-FCD2-4B34-BBE3-69C3FFAF9EBF}
		{80056E47-1B97-4FA2-B117-25872C435A41} = {80056E47-1B97-4FA2-B117-25872C435A41}
	EndProjectSection
EndProject
Project("{8BC9CEB8-8B4A-11D0-8D11-00A0C91BC942}") = "CropCNNSamples", "CropCNNSamples\CropCNNSamples.vcxproj", "{120A8A88-B060-4950-B591-03DEFBAF1338}"
EndProject
Project("{2150E333-8FDC-42A3-9474-1A3956D46DE8}") = "Solution Items", "Solution Items", "{E313410F-A403-4603-9CF9-1FDEEA03B278}"
	ProjectSection(SolutionItems) = preProject
		pthon\modify_batch.py = pthon\modify_batch.py
		README.md = README.md
		pthon\shownet_wenbo.py = pthon\shownet_wenbo.py
	EndProjectSection
EndProject
Project("{8BC9CEB8-8B4A-11D0-8D11-00A0C91BC942}") = "TestDecodeBatchFile", "TestDecodeBatchFile\TestDecodeBatchFile.vcxproj", "{3113C732-56FD-4A13-A77A-131450D8F87A}"
EndProject
Project("{8BC9CEB8-8B4A-11D0-8D11-00A0C91BC942}") = "evaluate_ground", "evaluate_ground\evaluate_ground.vcxproj", "{84944D9B-4FD4-442C-A368-B6C481EC048A}"
EndProject
Project("{8BC9CEB8-8B4A-11D0-8D11-00A0C91BC942}") = "UpdateJsonSamples", "UpdateJsonSamples\UpdateJsonSamples.vcxproj", "{D3D63D33-4047-4EA8-BF9F-4D6ECCD87106}"
EndProject
Project("{8BC9CEB8-8B4A-11D0-8D11-00A0C91BC942}") = "TestRoadCvtor", "TestRoadCvtor\TestRoadCvtor.vcxproj", "{1483D565-BB35-4549-AE77-BD56C7BF23F6}"
EndProject
Project("{8BC9CEB8-8B4A-11D0-8D11-00A0C91BC942}") = "Json2TopviewTxt", "Json2TopviewTxt\Json2TopviewTxt.vcxproj", "{DE83F68D-F2DC-4E61-93C2-1BF892C6C2F7}"
EndProject
Global
	GlobalSection(SolutionConfigurationPlatforms) = preSolution
		Debug|Win32 = Debug|Win32
		Release|Win32 = Release|Win32
	EndGlobalSection
	GlobalSection(ProjectConfigurationPlatforms) = postSolution
		{03804973-D43B-453D-9DA3-A2C880E30CC7}.Debug|Win32.ActiveCfg = Debug|Win32
		{03804973-D43B-453D-9DA3-A2C880E30CC7}.Debug|Win32.Build.0 = Debug|Win32
		{03804973-D43B-453D-9DA3-A2C880E30CC7}.Release|Win32.ActiveCfg = Release|Win32
		{03804973-D43B-453D-9DA3-A2C880E30CC7}.Release|Win32.Build.0 = Release|Win32
		{80056E47-1B97-4FA2-B117-25872C435A41}.Debug|Win32.ActiveCfg = Debug|Win32
		{80056E47-1B97-4FA2-B117-25872C435A41}.Debug|Win32.Build.0 = Debug|Win32
		{80056E47-1B97-4FA2-B117-25872C435A41}.Release|Win32.ActiveCfg = Release|Win32
		{80056E47-1B97-4FA2-B117-25872C435A41}.Release|Win32.Build.0 = Release|Win32
		{CE157B87-142F-43A7-AF57-516DAC432C9D}.Debug|Win32.ActiveCfg = Debug|Win32
		{CE157B87-142F-43A7-AF57-516DAC432C9D}.Debug|Win32.Build.0 = Debug|Win32
		{CE157B87-142F-43A7-AF57-516DAC432C9D}.Release|Win32.ActiveCfg = Release|Win32
		{CE157B87-142F-43A7-AF57-516DAC432C9D}.Release|Win32.Build.0 = Release|Win32
		{B7AF5736-FCD2-4B34-BBE3-69C3FFAF9EBF}.Debug|Win32.ActiveCfg = Debug|Win32
		{B7AF5736-FCD2-4B34-BBE3-69C3FFAF9EBF}.Debug|Win32.Build.0 = Debug|Win32
		{B7AF5736-FCD2-4B34-BBE3-69C3FFAF9EBF}.Release|Win32.ActiveCfg = Release|Win32
		{B7AF5736-FCD2-4B34-BBE3-69C3FFAF9EBF}.Release|Win32.Build.0 = Release|Win32
		{FED981C2-E6F0-4E1D-9128-462876D3064B}.Debug|Win32.ActiveCfg = Debug|Win32
		{FED981C2-E6F0-4E1D-9128-462876D3064B}.Debug|Win32.Build.0 = Debug|Win32
		{FED981C2-E6F0-4E1D-9128-462876D3064B}.Release|Win32.ActiveCfg = Release|Win32
		{FED981C2-E6F0-4E1D-9128-462876D3064B}.Release|Win32.Build.0 = Release|Win32
		{120A8A88-B060-4950-B591-03DEFBAF1338}.Debug|Win32.ActiveCfg = Debug|Win32
		{120A8A88-B060-4950-B591-03DEFBAF1338}.Debug|Win32.Build.0 = Debug|Win32
		{120A8A88-B060-4950-B591-03DEFBAF1338}.Release|Win32.ActiveCfg = Release|Win32
		{120A8A88-B060-4950-B591-03DEFBAF1338}.Release|Win32.Build.0 = Release|Win32
		{3113C732-56FD-4A13-A77A-131450D8F87A}.Debug|Win32.ActiveCfg = Debug|Win32
		{3113C732-56FD-4A13-A77A-131450D8F87A}.Debug|Win32.Build.0 = Debug|Win32
		{3113C732-56FD-4A13-A77A-131450D8F87A}.Release|Win32.ActiveCfg = Release|Win32
		{3113C732-56FD-4A13-A77A-131450D8F87A}.Release|Win32.Build.0 = Release|Win32
		{84944D9B-4FD4-442C-A368-B6C481EC048A}.Debug|Win32.ActiveCfg = Debug|Win32
		{84944D9B-4FD4-442C-A368-B6C481EC048A}.Debug|Win32.Build.0 = Debug|Win32
		{84944D9B-4FD4-442C-A368-B6C481EC048A}.Release|Win32.ActiveCfg = Release|Win32
		{84944D9B-4FD4-442C-A368-B6C481EC048A}.Release|Win32.Build.0 = Release|Win32
		{D3D63D33-4047-4EA8-BF9F-4D6ECCD87106}.Debug|Win32.ActiveCfg = Debug|Win32
		{D3D63D33-4047-4EA8-BF9F-4D6ECCD87106}.Debug|Win32.Build.0 = Debug|Win32
		{D3D63D33-4047-4EA8-BF9F-4D6ECCD87106}.Release|Win32.ActiveCfg = Release|Win32
		{D3D63D33-4047-4EA8-BF9F-4D6ECCD87106}.Release|Win32.Build.0 = Release|Win32
		{1483D565-BB35-4549-AE77-BD56C7BF23F6}.Debug|Win32.ActiveCfg = Debug|Win32
		{1483D565-BB35-4549-AE77-BD56C7BF23F6}.Debug|Win32.Build.0 = Debug|Win32
		{1483D565-BB35-4549-AE77-BD56C7BF23F6}.Release|Win32.ActiveCfg = Release|Win32
		{1483D565-BB35-4549-AE77-BD56C7BF23F6}.Release|Win32.Build.0 = Release|Win32
		{DE83F68D-F2DC-4E61-93C2-1BF892C6C2F7}.Debug|Win32.ActiveCfg = Debug|Win32
		{DE83F68D-F2DC-4E61-93C2-1BF892C6C2F7}.Debug|Win32.Build.0 = Debug|Win32
		{DE83F68D-F2DC-4E61-93C2-1BF892C6C2F7}.Release|Win32.ActiveCfg = Release|Win32
		{DE83F68D-F2DC-4E61-93C2-1BF892C6C2F7}.Release|Win32.Build.0 = Release|Win32
	EndGlobalSection
	GlobalSection(SolutionProperties) = preSolution
		HideSolutionNode = FALSE
	EndGlobalSection
EndGlobal
